{
  "name": "package",
  "version": "1.0.0",
  "lockfileVersion": 2,
  "requires": true,
  "packages": {
    "": {
      "name": "package",
      "version": "1.0.0",
      "license": "ISC",
      "dependencies": {
        "tsparticles": "^1.42.4"
      }
    },
    "node_modules/tsparticles": {
      "version": "1.42.4",
      "resolved": "https://registry.npmjs.org/tsparticles/-/tsparticles-1.42.4.tgz",
      "integrity": "sha512-tfjh6hZFID+5mIdqIvAvmpGymG5kFIxB2k1fs0SIDemo7iL9qnQyvI3HankxfRtCblcwRoEYj/g5phdIhqY8vA==",
      "funding": [
        {
          "type": "github",
          "url": "https://github.com/sponsors/matteobruni"
        },
        {
          "type": "buymeacoffee",
          "url": "https://www.buymeacoffee.com/matteobruni"
        }
      ],
      "hasInstallScript": true
    }
  },
  "dependencies": {
    "tsparticles": {
      "version": "1.42.4",
      "resolved": "https://registry.npmjs.org/tsparticles/-/tsparticles-1.42.4.tgz",
      "integrity": "sha512-tfjh6hZFID+5mIdqIvAvmpGymG5kFIxB2k1fs0SIDemo7iL9qnQyvI3HankxfRtCblcwRoEYj/g5phdIhqY8vA=="
    }
  }
}
